
Microsoft Visual Studio Solution File, Format Version 12.00
# Visual Studio Version 16
VisualStudioVersion = 16.0.28922.388
MinimumVisualStudioVersion = 10.0.40219.1
Project("{FAE04EC0-301F-11D3-BF4B-00C04F79EFBC}") = "Capstone 2 Task List", "Capstone 2 Task List\Capstone 2 Task List.csproj", "{F82F2044-75A5-4506-92DC-EBF6FC12BDFA}"
EndProject
Global
	GlobalSection(SolutionConfigurationPlatforms) = preSolution
		Debug|Any CPU = Debug|Any CPU
		Release|Any CPU = Release|Any CPU
	EndGlobalSection
	GlobalSection(ProjectConfigurationPlatforms) = postSolution
		{F82F2044-75A5-4506-92DC-EBF6FC12BDFA}.Debug|Any CPU.ActiveCfg = Debug|Any CPU
		{F82F2044-75A5-4506-92DC-EBF6FC12BDFA}.Debug|Any CPU.Build.0 = Debug|Any CPU
		{F82F2044-75A5-4506-92DC-EBF6FC12BDFA}.Release|Any CPU.ActiveCfg = Release|Any CPU
		{F82F2044-75A5-4506-92DC-EBF6FC12BDFA}.Release|Any CPU.Build.0 = Release|Any CPU
	EndGlobalSection
	GlobalSection(SolutionProperties) = preSolution
		HideSolutionNode = FALSE
	EndGlobalSection
	GlobalSection(ExtensibilityGlobals) = postSolution
		SolutionGuid = {3AAD70E4-6F63-4B86-B6BB-17D75AF3BB24}
	EndGlobalSection
EndGlobal
